
Microsoft Visual Studio Solution File, Format Version 12.00
# Visual Studio Version 16
VisualStudioVersion = 16.0.30711.63
MinimumVisualStudioVersion = 10.0.40219.1
Project("{9A19103F-16F7-4668-BE54-9A1E7A4F7556}") = "AdventOfCode2020", "AdventOfCode2020.csproj", "{9FCA1A63-C0A9-460D-99B6-1D7AD1C5E522}"
EndProject
Project("{9A19103F-16F7-4668-BE54-9A1E7A4F7556}") = "Shared", "..\Shared\Shared.csproj", "{CBC3EB0D-43BD-435A-9BD1-0F9DED22E343}"
EndProject
Project("{2150E333-8FDC-42A3-9474-1A3956D46DE8}") = "Days", "Days", "{3D9B1578-EB8A-41EC-A13C-C8B25AAD0A84}"
EndProject
Project("{9A19103F-16F7-4668-BE54-9A1E7A4F7556}") = "Day02", "..\Days\Day02\Day02.csproj", "{BEC47753-12DE-428F-A256-5ECAC4D7A53C}"
EndProject
Project("{9A19103F-16F7-4668-BE54-9A1E7A4F7556}") = "Day01", "..\Days\Day01\Day01.csproj", "{B1998ABF-410D-478E-A965-71F36A6B806B}"
EndProject
Project("{9A19103F-16F7-4668-BE54-9A1E7A4F7556}") = "Day03", "..\Days\Day03\Day03.csproj", "{92477CE1-9EBB-401A-986F-DBF3180BBE59}"
EndProject
Project("{9A19103F-16F7-4668-BE54-9A1E7A4F7556}") = "Day04", "..\Days\Day04\Day04.csproj", "{8B27F1E7-78F6-4B0B-84E9-D4AFDDC6C238}"
EndProject
Project("{9A19103F-16F7-4668-BE54-9A1E7A4F7556}") = "Day05", "..\Days\Day05\Day05.csproj", "{10484583-8EA7-47B8-8C10-499FBD7E2010}"
EndProject
Project("{9A19103F-16F7-4668-BE54-9A1E7A4F7556}") = "Day06", "..\Days\Day06\Day06.csproj", "{05903609-A9B8-48AD-B9DB-BD123B2969BF}"
EndProject
Project("{9A19103F-16F7-4668-BE54-9A1E7A4F7556}") = "Day07", "..\Days\Day07\Day07.csproj", "{4F523820-1176-4B6E-8C43-FBF2C0C18365}"
EndProject
Project("{9A19103F-16F7-4668-BE54-9A1E7A4F7556}") = "Day08", "..\Days\Day08\Day08.csproj", "{1D2C1240-587C-4D15-871B-767E29B2CD59}"
EndProject
Project("{9A19103F-16F7-4668-BE54-9A1E7A4F7556}") = "Day09", "..\Days\Day09\Day09.csproj", "{5EC168F7-3AEA-46CB-A107-B8560D9990C2}"
EndProject
Project("{9A19103F-16F7-4668-BE54-9A1E7A4F7556}") = "Day10", "..\Days\Day10\Day10.csproj", "{6EC26DF5-5BD5-40F9-AF44-945CF57766D7}"
EndProject
Project("{9A19103F-16F7-4668-BE54-9A1E7A4F7556}") = "Day11", "..\Days\Day11\Day11.csproj", "{D71CF907-E042-4D8C-A646-5384F22B0EB9}"
EndProject
Project("{9A19103F-16F7-4668-BE54-9A1E7A4F7556}") = "Day12", "..\Days\Day12\Day12.csproj", "{035B77A4-2E36-475E-9315-7CB5563C3355}"
EndProject
Project("{9A19103F-16F7-4668-BE54-9A1E7A4F7556}") = "Day13", "..\Days\Day13\Day13.csproj", "{79106954-DBBE-47A5-BF92-BE66F0E17C51}"
EndProject
Project("{FAE04EC0-301F-11D3-BF4B-00C04F79EFBC}") = "Day14", "..\Days\Day14\Day14.csproj", "{921C3AFA-2F9A-438B-9315-90C967DA3EB0}"
EndProject
Global
	GlobalSection(SolutionConfigurationPlatforms) = preSolution
		Debug|Any CPU = Debug|Any CPU
		Release|Any CPU = Release|Any CPU
	EndGlobalSection
	GlobalSection(ProjectConfigurationPlatforms) = postSolution
		{9FCA1A63-C0A9-460D-99B6-1D7AD1C5E522}.Debug|Any CPU.ActiveCfg = Debug|Any CPU
		{9FCA1A63-C0A9-460D-99B6-1D7AD1C5E522}.Debug|Any CPU.Build.0 = Debug|Any CPU
		{9FCA1A63-C0A9-460D-99B6-1D7AD1C5E522}.Release|Any CPU.ActiveCfg = Release|Any CPU
		{9FCA1A63-C0A9-460D-99B6-1D7AD1C5E522}.Release|Any CPU.Build.0 = Release|Any CPU
		{CBC3EB0D-43BD-435A-9BD1-0F9DED22E343}.Debug|Any CPU.ActiveCfg = Debug|Any CPU
		{CBC3EB0D-43BD-435A-9BD1-0F9DED22E343}.Debug|Any CPU.Build.0 = Debug|Any CPU
		{CBC3EB0D-43BD-435A-9BD1-0F9DED22E343}.Release|Any CPU.ActiveCfg = Release|Any CPU
		{CBC3EB0D-43BD-435A-9BD1-0F9DED22E343}.Release|Any CPU.Build.0 = Release|Any CPU
		{BEC47753-12DE-428F-A256-5ECAC4D7A53C}.Debug|Any CPU.ActiveCfg = Debug|Any CPU
		{BEC47753-12DE-428F-A256-5ECAC4D7A53C}.Debug|Any CPU.Build.0 = Debug|Any CPU
		{BEC47753-12DE-428F-A256-5ECAC4D7A53C}.Release|Any CPU.ActiveCfg = Release|Any CPU
		{BEC47753-12DE-428F-A256-5ECAC4D7A53C}.Release|Any CPU.Build.0 = Release|Any CPU
		{B1998ABF-410D-478E-A965-71F36A6B806B}.Debug|Any CPU.ActiveCfg = Debug|Any CPU
		{B1998ABF-410D-478E-A965-71F36A6B806B}.Debug|Any CPU.Build.0 = Debug|Any CPU
		{B1998ABF-410D-478E-A965-71F36A6B806B}.Release|Any CPU.ActiveCfg = Release|Any CPU
		{B1998ABF-410D-478E-A965-71F36A6B806B}.Release|Any CPU.Build.0 = Release|Any CPU
		{92477CE1-9EBB-401A-986F-DBF3180BBE59}.Debug|Any CPU.ActiveCfg = Debug|Any CPU
		{92477CE1-9EBB-401A-986F-DBF3180BBE59}.Debug|Any CPU.Build.0 = Debug|Any CPU
		{92477CE1-9EBB-401A-986F-DBF3180BBE59}.Release|Any CPU.ActiveCfg = Release|Any CPU
		{92477CE1-9EBB-401A-986F-DBF3180BBE59}.Release|Any CPU.Build.0 = Release|Any CPU
		{8B27F1E7-78F6-4B0B-84E9-D4AFDDC6C238}.Debug|Any CPU.ActiveCfg = Debug|Any CPU
		{8B27F1E7-78F6-4B0B-84E9-D4AFDDC6C238}.Debug|Any CPU.Build.0 = Debug|Any CPU
		{8B27F1E7-78F6-4B0B-84E9-D4AFDDC6C238}.Release|Any CPU.ActiveCfg = Release|Any CPU
		{8B27F1E7-78F6-4B0B-84E9-D4AFDDC6C238}.Release|Any CPU.Build.0 = Release|Any CPU
		{10484583-8EA7-47B8-8C10-499FBD7E2010}.Debug|Any CPU.ActiveCfg = Debug|Any CPU
		{10484583-8EA7-47B8-8C10-499FBD7E2010}.Debug|Any CPU.Build.0 = Debug|Any CPU
		{10484583-8EA7-47B8-8C10-499FBD7E2010}.Release|Any CPU.ActiveCfg = Release|Any CPU
		{10484583-8EA7-47B8-8C10-499FBD7E2010}.Release|Any CPU.Build.0 = Release|Any CPU
		{05903609-A9B8-48AD-B9DB-BD123B2969BF}.Debug|Any CPU.ActiveCfg = Debug|Any CPU
		{05903609-A9B8-48AD-B9DB-BD123B2969BF}.Debug|Any CPU.Build.0 = Debug|Any CPU
		{05903609-A9B8-48AD-B9DB-BD123B2969BF}.Release|Any CPU.ActiveCfg = Release|Any CPU
		{05903609-A9B8-48AD-B9DB-BD123B2969BF}.Release|Any CPU.Build.0 = Release|Any CPU
		{4F523820-1176-4B6E-8C43-FBF2C0C18365}.Debug|Any CPU.ActiveCfg = Debug|Any CPU
		{4F523820-1176-4B6E-8C43-FBF2C0C18365}.Debug|Any CPU.Build.0 = Debug|Any CPU
		{4F523820-1176-4B6E-8C43-FBF2C0C18365}.Release|Any CPU.ActiveCfg = Release|Any CPU
		{4F523820-1176-4B6E-8C43-FBF2C0C18365}.Release|Any CPU.Build.0 = Release|Any CPU
		{1D2C1240-587C-4D15-871B-767E29B2CD59}.Debug|Any CPU.ActiveCfg = Debug|Any CPU
		{1D2C1240-587C-4D15-871B-767E29B2CD59}.Debug|Any CPU.Build.0 = Debug|Any CPU
		{1D2C1240-587C-4D15-871B-767E29B2CD59}.Release|Any CPU.ActiveCfg = Release|Any CPU
		{1D2C1240-587C-4D15-871B-767E29B2CD59}.Release|Any CPU.Build.0 = Release|Any CPU
		{5EC168F7-3AEA-46CB-A107-B8560D9990C2}.Debug|Any CPU.ActiveCfg = Debug|Any CPU
		{5EC168F7-3AEA-46CB-A107-B8560D9990C2}.Debug|Any CPU.Build.0 = Debug|Any CPU
		{5EC168F7-3AEA-46CB-A107-B8560D9990C2}.Release|Any CPU.ActiveCfg = Release|Any CPU
		{5EC168F7-3AEA-46CB-A107-B8560D9990C2}.Release|Any CPU.Build.0 = Release|Any CPU
		{6EC26DF5-5BD5-40F9-AF44-945CF57766D7}.Debug|Any CPU.ActiveCfg = Debug|Any CPU
		{6EC26DF5-5BD5-40F9-AF44-945CF57766D7}.Debug|Any CPU.Build.0 = Debug|Any CPU
		{6EC26DF5-5BD5-40F9-AF44-945CF57766D7}.Release|Any CPU.ActiveCfg = Release|Any CPU
		{6EC26DF5-5BD5-40F9-AF44-945CF57766D7}.Release|Any CPU.Build.0 = Release|Any CPU
		{D71CF907-E042-4D8C-A646-5384F22B0EB9}.Debug|Any CPU.ActiveCfg = Debug|Any CPU
		{D71CF907-E042-4D8C-A646-5384F22B0EB9}.Debug|Any CPU.Build.0 = Debug|Any CPU
		{D71CF907-E042-4D8C-A646-5384F22B0EB9}.Release|Any CPU.ActiveCfg = Release|Any CPU
		{D71CF907-E042-4D8C-A646-5384F22B0EB9}.Release|Any CPU.Build.0 = Release|Any CPU
		{035B77A4-2E36-475E-9315-7CB5563C3355}.Debug|Any CPU.ActiveCfg = Debug|Any CPU
		{035B77A4-2E36-475E-9315-7CB5563C3355}.Debug|Any CPU.Build.0 = Debug|Any CPU
		{035B77A4-2E36-475E-9315-7CB5563C3355}.Release|Any CPU.ActiveCfg = Release|Any CPU
		{035B77A4-2E36-475E-9315-7CB5563C3355}.Release|Any CPU.Build.0 = Release|Any CPU
		{79106954-DBBE-47A5-BF92-BE66F0E17C51}.Debug|Any CPU.ActiveCfg = Debug|Any CPU
		{79106954-DBBE-47A5-BF92-BE66F0E17C51}.Debug|Any CPU.Build.0 = Debug|Any CPU
		{79106954-DBBE-47A5-BF92-BE66F0E17C51}.Release|Any CPU.ActiveCfg = Release|Any CPU
		{79106954-DBBE-47A5-BF92-BE66F0E17C51}.Release|Any CPU.Build.0 = Release|Any CPU
		{921C3AFA-2F9A-438B-9315-90C967DA3EB0}.Debug|Any CPU.ActiveCfg = Debug|Any CPU
		{921C3AFA-2F9A-438B-9315-90C967DA3EB0}.Debug|Any CPU.Build.0 = Debug|Any CPU
		{921C3AFA-2F9A-438B-9315-90C967DA3EB0}.Release|Any CPU.ActiveCfg = Release|Any CPU
		{921C3AFA-2F9A-438B-9315-90C967DA3EB0}.Release|Any CPU.Build.0 = Release|Any CPU
	EndGlobalSection
	GlobalSection(SolutionProperties) = preSolution
		HideSolutionNode = FALSE
	EndGlobalSection
	GlobalSection(NestedProjects) = preSolution
		{BEC47753-12DE-428F-A256-5ECAC4D7A53C} = {3D9B1578-EB8A-41EC-A13C-C8B25AAD0A84}
		{B1998ABF-410D-478E-A965-71F36A6B806B} = {3D9B1578-EB8A-41EC-A13C-C8B25AAD0A84}
		{92477CE1-9EBB-401A-986F-DBF3180BBE59} = {3D9B1578-EB8A-41EC-A13C-C8B25AAD0A84}
		{8B27F1E7-78F6-4B0B-84E9-D4AFDDC6C238} = {3D9B1578-EB8A-41EC-A13C-C8B25AAD0A84}
		{10484583-8EA7-47B8-8C10-499FBD7E2010} = {3D9B1578-EB8A-41EC-A13C-C8B25AAD0A84}
		{05903609-A9B8-48AD-B9DB-BD123B2969BF} = {3D9B1578-EB8A-41EC-A13C-C8B25AAD0A84}
		{4F523820-1176-4B6E-8C43-FBF2C0C18365} = {3D9B1578-EB8A-41EC-A13C-C8B25AAD0A84}
		{1D2C1240-587C-4D15-871B-767E29B2CD59} = {3D9B1578-EB8A-41EC-A13C-C8B25AAD0A84}
		{5EC168F7-3AEA-46CB-A107-B8560D9990C2} = {3D9B1578-EB8A-41EC-A13C-C8B25AAD0A84}
		{6EC26DF5-5BD5-40F9-AF44-945CF57766D7} = {3D9B1578-EB8A-41EC-A13C-C8B25AAD0A84}
		{D71CF907-E042-4D8C-A646-5384F22B0EB9} = {3D9B1578-EB8A-41EC-A13C-C8B25AAD0A84}
		{035B77A4-2E36-475E-9315-7CB5563C3355} = {3D9B1578-EB8A-41EC-A13C-C8B25AAD0A84}
		{79106954-DBBE-47A5-BF92-BE66F0E17C51} = {3D9B1578-EB8A-41EC-A13C-C8B25AAD0A84}
		{921C3AFA-2F9A-438B-9315-90C967DA3EB0} = {3D9B1578-EB8A-41EC-A13C-C8B25AAD0A84}
	EndGlobalSection
	GlobalSection(ExtensibilityGlobals) = postSolution
		SolutionGuid = {D82191C6-132D-47AD-B19C-958A03728190}
	EndGlobalSection
EndGlobal
